// !$*UTF8*$!
{
	archiveVersion = 1;
	classes = {
	};
	objectVersion = 55;
	objects = {

/* Begin PBXBuildFile section */
		4E0C29EB2C2B61A8008939F1 /* NewsTableViewCell.swift in Sources */ = {isa = PBXBuildFile; fileRef = 4E0C29EA2C2B61A8008939F1 /* NewsTableViewCell.swift */; };
		4E0C29ED2C2B624B008939F1 /* NewsViewModel.swift in Sources */ = {isa = PBXBuildFile; fileRef = 4E0C29EC2C2B624B008939F1 /* NewsViewModel.swift */; };
		4E0C29F02C2B6518008939F1 /* Commons.swift in Sources */ = {isa = PBXBuildFile; fileRef = 4E0C29EF2C2B6518008939F1 /* Commons.swift */; };
		4E2A06262C2B5B9E00287442 /* AppDelegate.swift in Sources */ = {isa = PBXBuildFile; fileRef = 4E2A06252C2B5B9E00287442 /* AppDelegate.swift */; };
		4E2A06282C2B5B9E00287442 /* SceneDelegate.swift in Sources */ = {isa = PBXBuildFile; fileRef = 4E2A06272C2B5B9E00287442 /* SceneDelegate.swift */; };
		4E2A062A2C2B5B9E00287442 /* ViewController.swift in Sources */ = {isa = PBXBuildFile; fileRef = 4E2A06292C2B5B9E00287442 /* ViewController.swift */; };
		4E2A062D2C2B5B9E00287442 /* Main.storyboard in Resources */ = {isa = PBXBuildFile; fileRef = 4E2A062B2C2B5B9E00287442 /* Main.storyboard */; };
		4E2A062F2C2B5BA700287442 /* Assets.xcassets in Resources */ = {isa = PBXBuildFile; fileRef = 4E2A062E2C2B5BA700287442 /* Assets.xcassets */; };
		4E2A06322C2B5BA700287442 /* LaunchScreen.storyboard in Resources */ = {isa = PBXBuildFile; fileRef = 4E2A06302C2B5BA700287442 /* LaunchScreen.storyboard */; };
		4E2A063D2C2B5BA700287442 /* HackerNewsTests.swift in Sources */ = {isa = PBXBuildFile; fileRef = 4E2A063C2C2B5BA700287442 /* HackerNewsTests.swift */; };
		4E2A06472C2B5BA800287442 /* HackerNewsUITests.swift in Sources */ = {isa = PBXBuildFile; fileRef = 4E2A06462C2B5BA800287442 /* HackerNewsUITests.swift */; };
		4E2A06492C2B5BA800287442 /* HackerNewsUITestsLaunchTests.swift in Sources */ = {isa = PBXBuildFile; fileRef = 4E2A06482C2B5BA800287442 /* HackerNewsUITestsLaunchTests.swift */; };
		4E2A065A2C2B5C3600287442 /* APIManager.swift in Sources */ = {isa = PBXBuildFile; fileRef = 4E2A06592C2B5C3600287442 /* APIManager.swift */; };
		4E2A065C2C2B5D3200287442 /* Model.swift in Sources */ = {isa = PBXBuildFile; fileRef = 4E2A065B2C2B5D3200287442 /* Model.swift */; };
		4EF864A62C2D8FFC0020F6D4 /* MockAPIManager.swift in Sources */ = {isa = PBXBuildFile; fileRef = 4EF864A52C2D8FFC0020F6D4 /* MockAPIManager.swift */; };
/* End PBXBuildFile section */

/* Begin PBXContainerItemProxy section */
		4E2A06392C2B5BA700287442 /* PBXContainerItemProxy */ = {
			isa = PBXContainerItemProxy;
			containerPortal = 4E2A061A2C2B5B9E00287442 /* Project object */;
			proxyType = 1;
			remoteGlobalIDString = 4E2A06212C2B5B9E00287442;
			remoteInfo = HackerNews;
		};
		4E2A06432C2B5BA800287442 /* PBXContainerItemProxy */ = {
			isa = PBXContainerItemProxy;
			containerPortal = 4E2A061A2C2B5B9E00287442 /* Project object */;
			proxyType = 1;
			remoteGlobalIDString = 4E2A06212C2B5B9E00287442;
			remoteInfo = HackerNews;
		};
/* End PBXContainerItemProxy section */

/* Begin PBXFileReference section */
		4E0C29EA2C2B61A8008939F1 /* NewsTableViewCell.swift */ = {isa = PBXFileReference; lastKnownFileType = sourcecode.swift; path = NewsTableViewCell.swift; sourceTree = "<group>"; };
		4E0C29EC2C2B624B008939F1 /* NewsViewModel.swift */ = {isa = PBXFileReference; lastKnownFileType = sourcecode.swift; path = NewsViewModel.swift; sourceTree = "<group>"; };
		4E0C29EF2C2B6518008939F1 /* Commons.swift */ = {isa = PBXFileReference; lastKnownFileType = sourcecode.swift; path = Commons.swift; sourceTree = "<group>"; };
		4E2A06222C2B5B9E00287442 /* HackerNews.app */ = {isa = PBXFileReference; explicitFileType = wrapper.application; includeInIndex = 0; path = HackerNews.app; sourceTree = BUILT_PRODUCTS_DIR; };
		4E2A06252C2B5B9E00287442 /* AppDelegate.swift */ = {isa = PBXFileReference; lastKnownFileType = sourcecode.swift; path = AppDelegate.swift; sourceTree = "<group>"; };
		4E2A06272C2B5B9E00287442 /* SceneDelegate.swift */ = {isa = PBXFileReference; lastKnownFileType = sourcecode.swift; path = SceneDelegate.swift; sourceTree = "<group>"; };
		4E2A06292C2B5B9E00287442 /* ViewController.swift */ = {isa = PBXFileReference; lastKnownFileType = sourcecode.swift; path = ViewController.swift; sourceTree = "<group>"; };
		4E2A062C2C2B5B9E00287442 /* Base */ = {isa = PBXFileReference; lastKnownFileType = file.storyboard; name = Base; path = Base.lproj/Main.storyboard; sourceTree = "<group>"; };
		4E2A062E2C2B5BA700287442 /* Assets.xcassets */ = {isa = PBXFileReference; lastKnownFileType = folder.assetcatalog; path = Assets.xcassets; sourceTree = "<group>"; };
		4E2A06312C2B5BA700287442 /* Base */ = {isa = PBXFileReference; lastKnownFileType = file.storyboard; name = Base; path = Base.lproj/LaunchScreen.storyboard; sourceTree = "<group>"; };
		4E2A06332C2B5BA700287442 /* Info.plist */ = {isa = PBXFileReference; lastKnownFileType = text.plist.xml; path = Info.plist; sourceTree = "<group>"; };
		4E2A06382C2B5BA700287442 /* HackerNewsTests.xctest */ = {isa = PBXFileReference; explicitFileType = wrapper.cfbundle; includeInIndex = 0; path = HackerNewsTests.xctest; sourceTree = BUILT_PRODUCTS_DIR; };
		4E2A063C2C2B5BA700287442 /* HackerNewsTests.swift */ = {isa = PBXFileReference; lastKnownFileType = sourcecode.swift; path = HackerNewsTests.swift; sourceTree = "<group>"; };
		4E2A06422C2B5BA800287442 /* HackerNewsUITests.xctest */ = {isa = PBXFileReference; explicitFileType = wrapper.cfbundle; includeInIndex = 0; path = HackerNewsUITests.xctest; sourceTree = BUILT_PRODUCTS_DIR; };
		4E2A06462C2B5BA800287442 /* HackerNewsUITests.swift */ = {isa = PBXFileReference; lastKnownFileType = sourcecode.swift; path = HackerNewsUITests.swift; sourceTree = "<group>"; };
		4E2A06482C2B5BA800287442 /* HackerNewsUITestsLaunchTests.swift */ = {isa = PBXFileReference; lastKnownFileType = sourcecode.swift; path = HackerNewsUITestsLaunchTests.swift; sourceTree = "<group>"; };
		4E2A06592C2B5C3600287442 /* APIManager.swift */ = {isa = PBXFileReference; lastKnownFileType = sourcecode.swift; path = APIManager.swift; sourceTree = "<group>"; };
		4E2A065B2C2B5D3200287442 /* Model.swift */ = {isa = PBXFileReference; lastKnownFileType = sourcecode.swift; path = Model.swift; sourceTree = "<group>"; };
		4EF864A52C2D8FFC0020F6D4 /* MockAPIManager.swift */ = {isa = PBXFileReference; lastKnownFileType = sourcecode.swift; path = MockAPIManager.swift; sourceTree = "<group>"; };
/* End PBXFileReference section */

/* Begin PBXFrameworksBuildPhase section */
		4E2A061F2C2B5B9E00287442 /* Frameworks */ = {
			isa = PBXFrameworksBuildPhase;
			buildActionMask = 2147483647;
			files = (
			);
			runOnlyForDeploymentPostprocessing = 0;
		};
		4E2A06352C2B5BA700287442 /* Frameworks */ = {
			isa = PBXFrameworksBuildPhase;
			buildActionMask = 2147483647;
			files = (
			);
			runOnlyForDeploymentPostprocessing = 0;
		};
		4E2A063F2C2B5BA800287442 /* Frameworks */ = {
			isa = PBXFrameworksBuildPhase;
			buildActionMask = 2147483647;
			files = (
			);
			runOnlyForDeploymentPostprocessing = 0;
		};
/* End PBXFrameworksBuildPhase section */

/* Begin PBXGroup section */
		4E0C29E92C2B6193008939F1 /* TableViewCells */ = {
			isa = PBXGroup;
			children = (
				4E0C29EA2C2B61A8008939F1 /* NewsTableViewCell.swift */,
			);
			path = TableViewCells;
			sourceTree = "<group>";
		};
		4E0C29EE2C2B6507008939F1 /* Constants */ = {
			isa = PBXGroup;
			children = (
				4E0C29EF2C2B6518008939F1 /* Commons.swift */,
			);
			path = Constants;
			sourceTree = "<group>";
		};
		4E2A06192C2B5B9E00287442 = {
			isa = PBXGroup;
			children = (
				4E2A06242C2B5B9E00287442 /* HackerNews */,
				4E2A063B2C2B5BA700287442 /* HackerNewsTests */,
				4E2A06452C2B5BA800287442 /* HackerNewsUITests */,
				4E2A06232C2B5B9E00287442 /* Products */,
			);
			sourceTree = "<group>";
		};
		4E2A06232C2B5B9E00287442 /* Products */ = {
			isa = PBXGroup;
			children = (
				4E2A06222C2B5B9E00287442 /* HackerNews.app */,
				4E2A06382C2B5BA700287442 /* HackerNewsTests.xctest */,
				4E2A06422C2B5BA800287442 /* HackerNewsUITests.xctest */,
			);
			name = Products;
			sourceTree = "<group>";
		};
		4E2A06242C2B5B9E00287442 /* HackerNews */ = {
			isa = PBXGroup;
			children = (
				4E0C29EE2C2B6507008939F1 /* Constants */,
				4E2A06552C2B5C0C00287442 /* Network Manager */,
				4E2A06582C2B5C2600287442 /* ViewModel */,
				4E2A06572C2B5C1B00287442 /* View */,
				4E2A06562C2B5C1600287442 /* Model */,
				4E2A06252C2B5B9E00287442 /* AppDelegate.swift */,
				4E2A06272C2B5B9E00287442 /* SceneDelegate.swift */,
				4E2A062E2C2B5BA700287442 /* Assets.xcassets */,
				4E2A06302C2B5BA700287442 /* LaunchScreen.storyboard */,
				4E2A06332C2B5BA700287442 /* Info.plist */,
			);
			path = HackerNews;
			sourceTree = "<group>";
		};
		4E2A063B2C2B5BA700287442 /* HackerNewsTests */ = {
			isa = PBXGroup;
			children = (
				4E2A063C2C2B5BA700287442 /* HackerNewsTests.swift */,
			);
			path = HackerNewsTests;
			sourceTree = "<group>";
		};
		4E2A06452C2B5BA800287442 /* HackerNewsUITests */ = {
			isa = PBXGroup;
			children = (
				4E2A06462C2B5BA800287442 /* HackerNewsUITests.swift */,
				4E2A06482C2B5BA800287442 /* HackerNewsUITestsLaunchTests.swift */,
			);
			path = HackerNewsUITests;
			sourceTree = "<group>";
		};
		4E2A06552C2B5C0C00287442 /* Network Manager */ = {
			isa = PBXGroup;
			children = (
				4E2A06592C2B5C3600287442 /* APIManager.swift */,
				4EF864A52C2D8FFC0020F6D4 /* MockAPIManager.swift */,
			);
			path = "Network Manager";
			sourceTree = "<group>";
		};
		4E2A06562C2B5C1600287442 /* Model */ = {
			isa = PBXGroup;
			children = (
				4E2A065B2C2B5D3200287442 /* Model.swift */,
			);
			path = Model;
			sourceTree = "<group>";
		};
		4E2A06572C2B5C1B00287442 /* View */ = {
			isa = PBXGroup;
			children = (
				4E2A062B2C2B5B9E00287442 /* Main.storyboard */,
				4E2A06292C2B5B9E00287442 /* ViewController.swift */,
				4E0C29E92C2B6193008939F1 /* TableViewCells */,
			);
			path = View;
			sourceTree = "<group>";
		};
		4E2A06582C2B5C2600287442 /* ViewModel */ = {
			isa = PBXGroup;
			children = (
				4E0C29EC2C2B624B008939F1 /* NewsViewModel.swift */,
			);
			path = ViewModel;
			sourceTree = "<group>";
		};
/* End PBXGroup section */

/* Begin PBXNativeTarget section */
		4E2A06212C2B5B9E00287442 /* HackerNews */ = {
			isa = PBXNativeTarget;
			buildConfigurationList = 4E2A064C2C2B5BA800287442 /* Build configuration list for PBXNativeTarget "HackerNews" */;
			buildPhases = (
				4E2A061E2C2B5B9E00287442 /* Sources */,
				4E2A061F2C2B5B9E00287442 /* Frameworks */,
				4E2A06202C2B5B9E00287442 /* Resources */,
			);
			buildRules = (
			);
			dependencies = (
			);
			name = HackerNews;
			productName = HackerNews;
			productReference = 4E2A06222C2B5B9E00287442 /* HackerNews.app */;
			productType = "com.apple.product-type.application";
		};
		4E2A06372C2B5BA700287442 /* HackerNewsTests */ = {
			isa = PBXNativeTarget;
			buildConfigurationList = 4E2A064F2C2B5BA800287442 /* Build configuration list for PBXNativeTarget "HackerNewsTests" */;
			buildPhases = (
				4E2A06342C2B5BA700287442 /* Sources */,
				4E2A06352C2B5BA700287442 /* Frameworks */,
				4E2A06362C2B5BA700287442 /* Resources */,
			);
			buildRules = (
			);
			dependencies = (
				4E2A063A2C2B5BA700287442 /* PBXTargetDependency */,
			);
			name = HackerNewsTests;
			productName = HackerNewsTests;
			productReference = 4E2A06382C2B5BA700287442 /* HackerNewsTests.xctest */;
			productType = "com.apple.product-type.bundle.unit-test";
		};
		4E2A06412C2B5BA800287442 /* HackerNewsUITests */ = {
			isa = PBXNativeTarget;
			buildConfigurationList = 4E2A06522C2B5BA800287442 /* Build configuration list for PBXNativeTarget "HackerNewsUITests" */;
			buildPhases = (
				4E2A063E2C2B5BA800287442 /* Sources */,
				4E2A063F2C2B5BA800287442 /* Frameworks */,
				4E2A06402C2B5BA800287442 /* Resources */,
			);
			buildRules = (
			);
			dependencies = (
				4E2A06442C2B5BA800287442 /* PBXTargetDependency */,
			);
			name = HackerNewsUITests;
			productName = HackerNewsUITests;
			productReference = 4E2A06422C2B5BA800287442 /* HackerNewsUITests.xctest */;
			productType = "com.apple.product-type.bundle.ui-testing";
		};
/* End PBXNativeTarget section */

/* Begin PBXProject section */
		4E2A061A2C2B5B9E00287442 /* Project object */ = {
			isa = PBXProject;
			attributes = {
				BuildIndependentTargetsInParallel = 1;
				LastSwiftUpdateCheck = 1340;
				LastUpgradeCheck = 1340;
				TargetAttributes = {
					4E2A06212C2B5B9E00287442 = {
						CreatedOnToolsVersion = 13.4.1;
					};
					4E2A06372C2B5BA700287442 = {
						CreatedOnToolsVersion = 13.4.1;
						TestTargetID = 4E2A06212C2B5B9E00287442;
					};
					4E2A06412C2B5BA800287442 = {
						CreatedOnToolsVersion = 13.4.1;
						TestTargetID = 4E2A06212C2B5B9E00287442;
					};
				};
			};
			buildConfigurationList = 4E2A061D2C2B5B9E00287442 /* Build configuration list for PBXProject "HackerNews" */;
			compatibilityVersion = "Xcode 13.0";
			developmentRegion = en;
			hasScannedForEncodings = 0;
			knownRegions = (
				en,
				Base,
			);
			mainGroup = 4E2A06192C2B5B9E00287442;
			productRefGroup = 4E2A06232C2B5B9E00287442 /* Products */;
			projectDirPath = "";
			projectRoot = "";
			targets = (
				4E2A06212C2B5B9E00287442 /* HackerNews */,
				4E2A06372C2B5BA700287442 /* HackerNewsTests */,
				4E2A06412C2B5BA800287442 /* HackerNewsUITests */,
			);
		};
/* End PBXProject section */

/* Begin PBXResourcesBuildPhase section */
		4E2A06202C2B5B9E00287442 /* Resources */ = {
			isa = PBXResourcesBuildPhase;
			buildActionMask = 2147483647;
			files = (
				4E2A06322C2B5BA700287442 /* LaunchScreen.storyboard in Resources */,
				4E2A062F2C2B5BA700287442 /* Assets.xcassets in Resources */,
				4E2A062D2C2B5B9E00287442 /* Main.storyboard in Resources */,
			);
			runOnlyForDeploymentPostprocessing = 0;
		};
		4E2A06362C2B5BA700287442 /* Resources */ = {
			isa = PBXResourcesBuildPhase;
			buildActionMask = 2147483647;
			files = (
			);
			runOnlyForDeploymentPostprocessing = 0;
		};
		4E2A06402C2B5BA800287442 /* Resources */ = {
			isa = PBXResourcesBuildPhase;
			buildActionMask = 2147483647;
			files = (
			);
			runOnlyForDeploymentPostprocessing = 0;
		};
/* End PBXResourcesBuildPhase section */

/* Begin PBXSourcesBuildPhase section */
		4E2A061E2C2B5B9E00287442 /* Sources */ = {
			isa = PBXSourcesBuildPhase;
			buildActionMask = 2147483647;
			files = (
				4E2A065C2C2B5D3200287442 /* Model.swift in Sources */,
				4E2A065A2C2B5C3600287442 /* APIManager.swift in Sources */,
				4EF864A62C2D8FFC0020F6D4 /* MockAPIManager.swift in Sources */,
				4E0C29EB2C2B61A8008939F1 /* NewsTableViewCell.swift in Sources */,
				4E2A062A2C2B5B9E00287442 /* ViewController.swift in Sources */,
				4E0C29F02C2B6518008939F1 /* Commons.swift in Sources */,
				4E0C29ED2C2B624B008939F1 /* NewsViewModel.swift in Sources */,
				4E2A06262C2B5B9E00287442 /* AppDelegate.swift in Sources */,
				4E2A06282C2B5B9E00287442 /* SceneDelegate.swift in Sources */,
			);
			runOnlyForDeploymentPostprocessing = 0;
		};
		4E2A06342C2B5BA700287442 /* Sources */ = {
			isa = PBXSourcesBuildPhase;
			buildActionMask = 2147483647;
			files = (
				4E2A063D2C2B5BA700287442 /* HackerNewsTests.swift in Sources */,
			);
			runOnlyForDeploymentPostprocessing = 0;
		};
		4E2A063E2C2B5BA800287442 /* Sources */ = {
			isa = PBXSourcesBuildPhase;
			buildActionMask = 2147483647;
			files = (
				4E2A06472C2B5BA800287442 /* HackerNewsUITests.swift in Sources */,
				4E2A06492C2B5BA800287442 /* HackerNewsUITestsLaunchTests.swift in Sources */,
			);
			runOnlyForDeploymentPostprocessing = 0;
		};
/* End PBXSourcesBuildPhase section */

/* Begin PBXTargetDependency section */
		4E2A063A2C2B5BA700287442 /* PBXTargetDependency */ = {
			isa = PBXTargetDependency;
			target = 4E2A06212C2B5B9E00287442 /* HackerNews */;
			targetProxy = 4E2A06392C2B5BA700287442 /* PBXContainerItemProxy */;
		};
		4E2A06442C2B5BA800287442 /* PBXTargetDependency */ = {
			isa = PBXTargetDependency;
			target = 4E2A06212C2B5B9E00287442 /* HackerNews */;
			targetProxy = 4E2A06432C2B5BA800287442 /* PBXContainerItemProxy */;
		};
/* End PBXTargetDependency section */

/* Begin PBXVariantGroup section */
		4E2A062B2C2B5B9E00287442 /* Main.storyboard */ = {
			isa = PBXVariantGroup;
			children = (
				4E2A062C2C2B5B9E00287442 /* Base */,
			);
			name = Main.storyboard;
			sourceTree = "<group>";
		};
		4E2A06302C2B5BA700287442 /* LaunchScreen.storyboard */ = {
			isa = PBXVariantGroup;
			children = (
				4E2A06312C2B5BA700287442 /* Base */,
			);
			name = LaunchScreen.storyboard;
			sourceTree = "<group>";
		};
/* End PBXVariantGroup section */

/* Begin XCBuildConfiguration section */
		4E2A064A2C2B5BA800287442 /* Debug */ = {
			isa = XCBuildConfiguration;
			buildSettings = {
				ALWAYS_SEARCH_USER_PATHS = NO;
				CLANG_ANALYZER_NONNULL = YES;
				CLANG_ANALYZER_NUMBER_OBJECT_CONVERSION = YES_AGGRESSIVE;
				CLANG_CXX_LANGUAGE_STANDARD = "gnu++17";
				CLANG_ENABLE_MODULES = YES;
				CLANG_ENABLE_OBJC_ARC = YES;
				CLANG_ENABLE_OBJC_WEAK = YES;
				CLANG_WARN_BLOCK_CAPTURE_AUTORELEASING = YES;
				CLANG_WARN_BOOL_CONVERSION = YES;
				CLANG_WARN_COMMA = YES;
				CLANG_WARN_CONSTANT_CONVERSION = YES;
				CLANG_WARN_DEPRECATED_OBJC_IMPLEMENTATIONS = YES;
				CLANG_WARN_DIRECT_OBJC_ISA_USAGE = YES_ERROR;
				CLANG_WARN_DOCUMENTATION_COMMENTS = YES;
				CLANG_WARN_EMPTY_BODY = YES;
				CLANG_WARN_ENUM_CONVERSION = YES;
				CLANG_WARN_INFINITE_RECURSION = YES;
				CLANG_WARN_INT_CONVERSION = YES;
				CLANG_WARN_NON_LITERAL_NULL_CONVERSION = YES;
				CLANG_WARN_OBJC_IMPLICIT_RETAIN_SELF = YES;
				CLANG_WARN_OBJC_LITERAL_CONVERSION = YES;
				CLANG_WARN_OBJC_ROOT_CLASS = YES_ERROR;
				CLANG_WARN_QUOTED_INCLUDE_IN_FRAMEWORK_HEADER = YES;
				CLANG_WARN_RANGE_LOOP_ANALYSIS = YES;
				CLANG_WARN_STRICT_PROTOTYPES = YES;
				CLANG_WARN_SUSPICIOUS_MOVE = YES;
				CLANG_WARN_UNGUARDED_AVAILABILITY = YES_AGGRESSIVE;
				CLANG_WARN_UNREACHABLE_CODE = YES;
				CLANG_WARN__DUPLICATE_METHOD_MATCH = YES;
				COPY_PHASE_STRIP = NO;
				DEBUG_INFORMATION_FORMAT = dwarf;
				ENABLE_STRICT_OBJC_MSGSEND = YES;
				ENABLE_TESTABILITY = YES;
				GCC_C_LANGUAGE_STANDARD = gnu11;
				GCC_DYNAMIC_NO_PIC = NO;
				GCC_NO_COMMON_BLOCKS = YES;
				GCC_OPTIMIZATION_LEVEL = 0;
				GCC_PREPROCESSOR_DEFINITIONS = (
					"DEBUG=1",
					"$(inherited)",
				);
				GCC_WARN_64_TO_32_BIT_CONVERSION = YES;
				GCC_WARN_ABOUT_RETURN_TYPE = YES_ERROR;
				GCC_WARN_UNDECLARED_SELECTOR = YES;
				GCC_WARN_UNINITIALIZED_AUTOS = YES_AGGRESSIVE;
				GCC_WARN_UNUSED_FUNCTION = YES;
				GCC_WARN_UNUSED_VARIABLE = YES;
				IPHONEOS_DEPLOYMENT_TARGET = 15.5;
				MTL_ENABLE_DEBUG_INFO = INCLUDE_SOURCE;
				MTL_FAST_MATH = YES;
				ONLY_ACTIVE_ARCH = YES;
				SDKROOT = iphoneos;
				SWIFT_ACTIVE_COMPILATION_CONDITIONS = DEBUG;
				SWIFT_OPTIMIZATION_LEVEL = "-Onone";
			};
			name = Debug;
		};
		4E2A064B2C2B5BA800287442 /* Release */ = {
			isa = XCBuildConfiguration;
			buildSettings = {
				ALWAYS_SEARCH_USER_PATHS = NO;
				CLANG_ANALYZER_NONNULL = YES;
				CLANG_ANALYZER_NUMBER_OBJECT_CONVERSION = YES_AGGRESSIVE;
				CLANG_CXX_LANGUAGE_STANDARD = "gnu++17";
				CLANG_ENABLE_MODULES = YES;
				CLANG_ENABLE_OBJC_ARC = YES;
				CLANG_ENABLE_OBJC_WEAK = YES;
				CLANG_WARN_BLOCK_CAPTURE_AUTORELEASING = YES;
				CLANG_WARN_BOOL_CONVERSION = YES;
				CLANG_WARN_COMMA = YES;
				CLANG_WARN_CONSTANT_CONVERSION = YES;
				CLANG_WARN_DEPRECATED_OBJC_IMPLEMENTATIONS = YES;
				CLANG_WARN_DIRECT_OBJC_ISA_USAGE = YES_ERROR;
				CLANG_WARN_DOCUMENTATION_COMMENTS = YES;
				CLANG_WARN_EMPTY_BODY = YES;
				CLANG_WARN_ENUM_CONVERSION = YES;
				CLANG_WARN_INFINITE_RECURSION = YES;
				CLANG_WARN_INT_CONVERSION = YES;
				CLANG_WARN_NON_LITERAL_NULL_CONVERSION = YES;
				CLANG_WARN_OBJC_IMPLICIT_RETAIN_SELF = YES;
				CLANG_WARN_OBJC_LITERAL_CONVERSION = YES;
				CLANG_WARN_OBJC_ROOT_CLASS = YES_ERROR;
				CLANG_WARN_QUOTED_INCLUDE_IN_FRAMEWORK_HEADER = YES;
				CLANG_WARN_RANGE_LOOP_ANALYSIS = YES;
				CLANG_WARN_STRICT_PROTOTYPES = YES;
				CLANG_WARN_SUSPICIOUS_MOVE = YES;
				CLANG_WARN_UNGUARDED_AVAILABILITY = YES_AGGRESSIVE;
				CLANG_WARN_UNREACHABLE_CODE = YES;
				CLANG_WARN__DUPLICATE_METHOD_MATCH = YES;
				COPY_PHASE_STRIP = NO;
				DEBUG_INFORMATION_FORMAT = "dwarf-with-dsym";
				ENABLE_NS_ASSERTIONS = NO;
				ENABLE_STRICT_OBJC_MSGSEND = YES;
				GCC_C_LANGUAGE_STANDARD = gnu11;
				GCC_NO_COMMON_BLOCKS = YES;
				GCC_WARN_64_TO_32_BIT_CONVERSION = YES;
				GCC_WARN_ABOUT_RETURN_TYPE = YES_ERROR;
				GCC_WARN_UNDECLARED_SELECTOR = YES;
				GCC_WARN_UNINITIALIZED_AUTOS = YES_AGGRESSIVE;
				GCC_WARN_UNUSED_FUNCTION = YES;
				GCC_WARN_UNUSED_VARIABLE = YES;
				IPHONEOS_DEPLOYMENT_TARGET = 15.5;
				MTL_ENABLE_DEBUG_INFO = NO;
				MTL_FAST_MATH = YES;
				SDKROOT = iphoneos;
				SWIFT_COMPILATION_MODE = wholemodule;
				SWIFT_OPTIMIZATION_LEVEL = "-O";
				VALIDATE_PRODUCT = YES;
			};
			name = Release;
		};
		4E2A064D2C2B5BA800287442 /* Debug */ = {
			isa = XCBuildConfiguration;
			buildSettings = {
				ASSETCATALOG_COMPILER_APPICON_NAME = AppIcon;
				ASSETCATALOG_COMPILER_GLOBAL_ACCENT_COLOR_NAME = AccentColor;
				CODE_SIGN_STYLE = Automatic;
				CURRENT_PROJECT_VERSION = 1;
				GENERATE_INFOPLIST_FILE = YES;
				INFOPLIST_FILE = HackerNews/Info.plist;
				INFOPLIST_KEY_UIApplicationSupportsIndirectInputEvents = YES;
				INFOPLIST_KEY_UILaunchStoryboardName = LaunchScreen;
				INFOPLIST_KEY_UIMainStoryboardFile = Main;
				INFOPLIST_KEY_UISupportedInterfaceOrientations_iPad = "UIInterfaceOrientationPortrait UIInterfaceOrientationPortraitUpsideDown UIInterfaceOrientationLandscapeLeft UIInterfaceOrientationLandscapeRight";
				INFOPLIST_KEY_UISupportedInterfaceOrientations_iPhone = "UIInterfaceOrientationPortrait UIInterfaceOrientationLandscapeLeft UIInterfaceOrientationLandscapeRight";
				LD_RUNPATH_SEARCH_PATHS = (
					"$(inherited)",
					"@executable_path/Frameworks",
				);
				MARKETING_VERSION = 1.0;
				PRODUCT_BUNDLE_IDENTIFIER = com.sai.development.HackerNews;
				PRODUCT_NAME = "$(TARGET_NAME)";
				SWIFT_EMIT_LOC_STRINGS = YES;
				SWIFT_VERSION = 5.0;
				TARGETED_DEVICE_FAMILY = "1,2";
			};
			name = Debug;
		};
		4E2A064E2C2B5BA800287442 /* Release */ = {
			isa = XCBuildConfiguration;
			buildSettings = {
				ASSETCATALOG_COMPILER_APPICON_NAME = AppIcon;
				ASSETCATALOG_COMPILER_GLOBAL_ACCENT_COLOR_NAME = AccentColor;
				CODE_SIGN_STYLE = Automatic;
				CURRENT_PROJECT_VERSION = 1;
				GENERATE_INFOPLIST_FILE = YES;
				INFOPLIST_FILE = HackerNews/Info.plist;
				INFOPLIST_KEY_UIApplicationSupportsIndirectInputEvents = YES;
				INFOPLIST_KEY_UILaunchStoryboardName = LaunchScreen;
				INFOPLIST_KEY_UIMainStoryboardFile = Main;
				INFOPLIST_KEY_UISupportedInterfaceOrientations_iPad = "UIInterfaceOrientationPortrait UIInterfaceOrientationPortraitUpsideDown UIInterfaceOrientationLandscapeLeft UIInterfaceOrientationLandscapeRight";
				INFOPLIST_KEY_UISupportedInterfaceOrientations_iPhone = "UIInterfaceOrientationPortrait UIInterfaceOrientationLandscapeLeft UIInterfaceOrientationLandscapeRight";
				LD_RUNPATH_SEARCH_PATHS = (
					"$(inherited)",
					"@executable_path/Frameworks",
				);
				MARKETING_VERSION = 1.0;
				PRODUCT_BUNDLE_IDENTIFIER = com.sai.development.HackerNews;
				PRODUCT_NAME = "$(TARGET_NAME)";
				SWIFT_EMIT_LOC_STRINGS = YES;
				SWIFT_VERSION = 5.0;
				TARGETED_DEVICE_FAMILY = "1,2";
			};
			name = Release;
		};
		4E2A06502C2B5BA800287442 /* Debug */ = {
			isa = XCBuildConfiguration;
			buildSettings = {
				ALWAYS_EMBED_SWIFT_STANDARD_LIBRARIES = YES;
				BUNDLE_LOADER = "$(TEST_HOST)";
				CODE_SIGN_STYLE = Automatic;
				CURRENT_PROJECT_VERSION = 1;
				GENERATE_INFOPLIST_FILE = YES;
				IPHONEOS_DEPLOYMENT_TARGET = 15.5;
				MARKETING_VERSION = 1.0;
				PRODUCT_BUNDLE_IDENTIFIER = com.sai.development.HackerNewsTests;
				PRODUCT_NAME = "$(TARGET_NAME)";
				SWIFT_EMIT_LOC_STRINGS = NO;
				SWIFT_VERSION = 5.0;
				TARGETED_DEVICE_FAMILY = "1,2";
				TEST_HOST = "$(BUILT_PRODUCTS_DIR)/HackerNews.app/HackerNews";
			};
			name = Debug;
		};
		4E2A06512C2B5BA800287442 /* Release */ = {
			isa = XCBuildConfiguration;
			buildSettings = {
				ALWAYS_EMBED_SWIFT_STANDARD_LIBRARIES = YES;
				BUNDLE_LOADER = "$(TEST_HOST)";
				CODE_SIGN_STYLE = Automatic;
				CURRENT_PROJECT_VERSION = 1;
				GENERATE_INFOPLIST_FILE = YES;
				IPHONEOS_DEPLOYMENT_TARGET = 15.5;
				MARKETING_VERSION = 1.0;
				PRODUCT_BUNDLE_IDENTIFIER = com.sai.development.HackerNewsTests;
				PRODUCT_NAME = "$(TARGET_NAME)";
				SWIFT_EMIT_LOC_STRINGS = NO;
				SWIFT_VERSION = 5.0;
				TARGETED_DEVICE_FAMILY = "1,2";
				TEST_HOST = "$(BUILT_PRODUCTS_DIR)/HackerNews.app/HackerNews";
			};
			name = Release;
		};
		4E2A06532C2B5BA800287442 /* Debug */ = {
			isa = XCBuildConfiguration;
			buildSettings = {
				ALWAYS_EMBED_SWIFT_STANDARD_LIBRARIES = YES;
				CODE_SIGN_STYLE = Automatic;
				CURRENT_PROJECT_VERSION = 1;
				GENERATE_INFOPLIST_FILE = YES;
				MARKETING_VERSION = 1.0;
				PRODUCT_BUNDLE_IDENTIFIER = com.sai.development.HackerNewsUITests;
				PRODUCT_NAME = "$(TARGET_NAME)";
				SWIFT_EMIT_LOC_STRINGS = NO;
				SWIFT_VERSION = 5.0;
				TARGETED_DEVICE_FAMILY = "1,2";
				TEST_TARGET_NAME = HackerNews;
			};
			name = Debug;
		};
		4E2A06542C2B5BA800287442 /* Release */ = {
			isa = XCBuildConfiguration;
			buildSettings = {
				ALWAYS_EMBED_SWIFT_STANDARD_LIBRARIES = YES;
				CODE_SIGN_STYLE = Automatic;
				CURRENT_PROJECT_VERSION = 1;
				GENERATE_INFOPLIST_FILE = YES;
				MARKETING_VERSION = 1.0;
				PRODUCT_BUNDLE_IDENTIFIER = com.sai.development.HackerNewsUITests;
				PRODUCT_NAME = "$(TARGET_NAME)";
				SWIFT_EMIT_LOC_STRINGS = NO;
				SWIFT_VERSION = 5.0;
				TARGETED_DEVICE_FAMILY = "1,2";
				TEST_TARGET_NAME = HackerNews;
			};
			name = Release;
		};
/* End XCBuildConfiguration section */

/* Begin XCConfigurationList section */
		4E2A061D2C2B5B9E00287442 /* Build configuration list for PBXProject "HackerNews" */ = {
			isa = XCConfigurationList;
			buildConfigurations = (
				4E2A064A2C2B5BA800287442 /* Debug */,
				4E2A064B2C2B5BA800287442 /* Release */,
			);
			defaultConfigurationIsVisible = 0;
			defaultConfigurationName = Release;
		};
		4E2A064C2C2B5BA800287442 /* Build configuration list for PBXNativeTarget "HackerNews" */ = {
			isa = XCConfigurationList;
			buildConfigurations = (
				4E2A064D2C2B5BA800287442 /* Debug */,
				4E2A064E2C2B5BA800287442 /* Release */,
			);
			defaultConfigurationIsVisible = 0;
			defaultConfigurationName = Release;
		};
		4E2A064F2C2B5BA800287442 /* Build configuration list for PBXNativeTarget "HackerNewsTests" */ = {
			isa = XCConfigurationList;
			buildConfigurations = (
				4E2A06502C2B5BA800287442 /* Debug */,
				4E2A06512C2B5BA800287442 /* Release */,
			);
			defaultConfigurationIsVisible = 0;
			defaultConfigurationName = Release;
		};
		4E2A06522C2B5BA800287442 /* Build configuration list for PBXNativeTarget "HackerNewsUITests" */ = {
			isa = XCConfigurationList;
			buildConfigurations = (
				4E2A06532C2B5BA800287442 /* Debug */,
				4E2A06542C2B5BA800287442 /* Release */,
			);
			defaultConfigurationIsVisible = 0;
			defaultConfigurationName = Release;
		};
/* End XCConfigurationList section */
	};
	rootObject = 4E2A061A2C2B5B9E00287442 /* Project object */;
}
